// !$*UTF8*$!
{
	archiveVersion = 1;
	classes = {
	};
	objectVersion = 56;
	objects = {

/* Begin PBXBuildFile section */
		23648DF32C7CB71100ABF9C3 /* AppDelegate.swift in Sources */ = {isa = PBXBuildFile; fileRef = 23648DF22C7CB71100ABF9C3 /* AppDelegate.swift */; };
		23648DF52C7CB71100ABF9C3 /* SceneDelegate.swift in Sources */ = {isa = PBXBuildFile; fileRef = 23648DF42C7CB71100ABF9C3 /* SceneDelegate.swift */; };
		23648DF72C7CB71100ABF9C3 /* ViewController.swift in Sources */ = {isa = PBXBuildFile; fileRef = 23648DF62C7CB71100ABF9C3 /* ViewController.swift */; };
		23648DFA2C7CB71100ABF9C3 /* Base in Resources */ = {isa = PBXBuildFile; fileRef = 23648DF92C7CB71100ABF9C3 /* Base */; };
		23648DFD2C7CB71100ABF9C3 /* VariableFun.xcdatamodeld in Sources */ = {isa = PBXBuildFile; fileRef = 23648DFB2C7CB71100ABF9C3 /* VariableFun.xcdatamodeld */; };
		23648DFF2C7CB71300ABF9C3 /* Assets.xcassets in Resources */ = {isa = PBXBuildFile; fileRef = 23648DFE2C7CB71300ABF9C3 /* Assets.xcassets */; };
		23648E022C7CB71300ABF9C3 /* Base in Resources */ = {isa = PBXBuildFile; fileRef = 23648E012C7CB71300ABF9C3 /* Base */; };
/* End PBXBuildFile section */

/* Begin PBXFileReference section */
		23648DEF2C7CB71100ABF9C3 /* VariableFun.app */ = {isa = PBXFileReference; explicitFileType = wrapper.application; includeInIndex = 0; path = VariableFun.app; sourceTree = BUILT_PRODUCTS_DIR; };
		23648DF22C7CB71100ABF9C3 /* AppDelegate.swift */ = {isa = PBXFileReference; lastKnownFileType = sourcecode.swift; path = AppDelegate.swift; sourceTree = "<group>"; };
		23648DF42C7CB71100ABF9C3 /* SceneDelegate.swift */ = {isa = PBXFileReference; lastKnownFileType = sourcecode.swift; path = SceneDelegate.swift; sourceTree = "<group>"; };
		23648DF62C7CB71100ABF9C3 /* ViewController.swift */ = {isa = PBXFileReference; lastKnownFileType = sourcecode.swift; path = ViewController.swift; sourceTree = "<group>"; };
		23648DF92C7CB71100ABF9C3 /* Base */ = {isa = PBXFileReference; lastKnownFileType = file.storyboard; name = Base; path = Base.lproj/Main.storyboard; sourceTree = "<group>"; };
		23648DFC2C7CB71100ABF9C3 /* VariableFun.xcdatamodel */ = {isa = PBXFileReference; lastKnownFileType = wrapper.xcdatamodel; path = VariableFun.xcdatamodel; sourceTree = "<group>"; };
		23648DFE2C7CB71300ABF9C3 /* Assets.xcassets */ = {isa = PBXFileReference; lastKnownFileType = folder.assetcatalog; path = Assets.xcassets; sourceTree = "<group>"; };
		23648E012C7CB71300ABF9C3 /* Base */ = {isa = PBXFileReference; lastKnownFileType = file.storyboard; name = Base; path = Base.lproj/LaunchScreen.storyboard; sourceTree = "<group>"; };
		23648E032C7CB71300ABF9C3 /* Info.plist */ = {isa = PBXFileReference; lastKnownFileType = text.plist.xml; path = Info.plist; sourceTree = "<group>"; };
/* End PBXFileReference section */

/* Begin PBXFrameworksBuildPhase section */
		23648DEC2C7CB71100ABF9C3 /* Frameworks */ = {
			isa = PBXFrameworksBuildPhase;
			buildActionMask = 2147483647;
			files = (
			);
			runOnlyForDeploymentPostprocessing = 0;
		};
/* End PBXFrameworksBuildPhase section */

/* Begin PBXGroup section */
		23648DE62C7CB71100ABF9C3 = {
			isa = PBXGroup;
			children = (
				23648DF12C7CB71100ABF9C3 /* VariableFun */,
				23648DF02C7CB71100ABF9C3 /* Products */,
			);
			sourceTree = "<group>";
		};
		23648DF02C7CB71100ABF9C3 /* Products */ = {
			isa = PBXGroup;
			children = (
				23648DEF2C7CB71100ABF9C3 /* VariableFun.app */,
			);
			name = Products;
			sourceTree = "<group>";
		};
		23648DF12C7CB71100ABF9C3 /* VariableFun */ = {
			isa = PBXGroup;
			children = (
				23648DF22C7CB71100ABF9C3 /* AppDelegate.swift */,
				23648DF42C7CB71100ABF9C3 /* SceneDelegate.swift */,
				23648DF62C7CB71100ABF9C3 /* ViewController.swift */,
				23648DF82C7CB71100ABF9C3 /* Main.storyboard */,
				23648DFE2C7CB71300ABF9C3 /* Assets.xcassets */,
				23648E002C7CB71300ABF9C3 /* LaunchScreen.storyboard */,
				23648E032C7CB71300ABF9C3 /* Info.plist */,
				23648DFB2C7CB71100ABF9C3 /* VariableFun.xcdatamodeld */,
			);
			path = VariableFun;
			sourceTree = "<group>";
		};
/* End PBXGroup section */

/* Begin PBXNativeTarget section */
		23648DEE2C7CB71100ABF9C3 /* VariableFun */ = {
			isa = PBXNativeTarget;
			buildConfigurationList = 23648E062C7CB71300ABF9C3 /* Build configuration list for PBXNativeTarget "VariableFun" */;
			buildPhases = (
				23648DEB2C7CB71100ABF9C3 /* Sources */,
				23648DEC2C7CB71100ABF9C3 /* Frameworks */,
				23648DED2C7CB71100ABF9C3 /* Resources */,
			);
			buildRules = (
			);
			dependencies = (
			);
			name = VariableFun;
			productName = VariableFun;
			productReference = 23648DEF2C7CB71100ABF9C3 /* VariableFun.app */;
			productType = "com.apple.product-type.application";
		};
/* End PBXNativeTarget section */

/* Begin PBXProject section */
		23648DE72C7CB71100ABF9C3 /* Project object */ = {
			isa = PBXProject;
			attributes = {
				BuildIndependentTargetsInParallel = 1;
				LastSwiftUpdateCheck = 1540;
				LastUpgradeCheck = 1540;
				TargetAttributes = {
					23648DEE2C7CB71100ABF9C3 = {
						CreatedOnToolsVersion = 15.4;
					};
				};
			};
			buildConfigurationList = 23648DEA2C7CB71100ABF9C3 /* Build configuration list for PBXProject "VariableFun" */;
			compatibilityVersion = "Xcode 14.0";
			developmentRegion = en;
			hasScannedForEncodings = 0;
			knownRegions = (
				en,
				Base,
			);
			mainGroup = 23648DE62C7CB71100ABF9C3;
			productRefGroup = 23648DF02C7CB71100ABF9C3 /* Products */;
			projectDirPath = "";
			projectRoot = "";
			targets = (
				23648DEE2C7CB71100ABF9C3 /* VariableFun */,
			);
		};
/* End PBXProject section */

/* Begin PBXResourcesBuildPhase section */
		23648DED2C7CB71100ABF9C3 /* Resources */ = {
			isa = PBXResourcesBuildPhase;
			buildActionMask = 2147483647;
			files = (
				23648DFF2C7CB71300ABF9C3 /* Assets.xcassets in Resources */,
				23648E022C7CB71300ABF9C3 /* Base in Resources */,
				23648DFA2C7CB71100ABF9C3 /* Base in Resources */,
			);
			runOnlyForDeploymentPostprocessing = 0;
		};
/* End PBXResourcesBuildPhase section */

/* Begin PBXSourcesBuildPhase section */
		23648DEB2C7CB71100ABF9C3 /* Sources */ = {
			isa = PBXSourcesBuildPhase;
			buildActionMask = 2147483647;
			files = (
				23648DF72C7CB71100ABF9C3 /* ViewController.swift in Sources */,
				23648DF32C7CB71100ABF9C3 /* AppDelegate.swift in Sources */,
				23648DF52C7CB71100ABF9C3 /* SceneDelegate.swift in Sources */,
				23648DFD2C7CB71100ABF9C3 /* VariableFun.xcdatamodeld in Sources */,
			);
			runOnlyForDeploymentPostprocessing = 0;
		};
/* End PBXSourcesBuildPhase section */

/* Begin PBXVariantGroup section */
		23648DF82C7CB71100ABF9C3 /* Main.storyboard */ = {
			isa = PBXVariantGroup;
			children = (
				23648DF92C7CB71100ABF9C3 /* Base */,
			);
			name = Main.storyboard;
			sourceTree = "<group>";
		};
		23648E002C7CB71300ABF9C3 /* LaunchScreen.storyboard */ = {
			isa = PBXVariantGroup;
			children = (
				23648E012C7CB71300ABF9C3 /* Base */,
			);
			name = LaunchScreen.storyboard;
			sourceTree = "<group>";
		};
/* End PBXVariantGroup section */

/* Begin XCBuildConfiguration section */
		23648E042C7CB71300ABF9C3 /* Debug */ = {
			isa = XCBuildConfiguration;
			buildSettings = {
				ALWAYS_SEARCH_USER_PATHS = NO;
				ASSETCATALOG_COMPILER_GENERATE_SWIFT_ASSET_SYMBOL_EXTENSIONS = YES;
				CLANG_ANALYZER_NONNULL = YES;
				CLANG_ANALYZER_NUMBER_OBJECT_CONVERSION = YES_AGGRESSIVE;
				CLANG_CXX_LANGUAGE_STANDARD = "gnu++20";
				CLANG_ENABLE_MODULES = YES;
				CLANG_ENABLE_OBJC_ARC = YES;
				CLANG_ENABLE_OBJC_WEAK = YES;
				CLANG_WARN_BLOCK_CAPTURE_AUTORELEASING = YES;
				CLANG_WARN_BOOL_CONVERSION = YES;
				CLANG_WARN_COMMA = YES;
				CLANG_WARN_CONSTANT_CONVERSION = YES;
				CLANG_WARN_DEPRECATED_OBJC_IMPLEMENTATIONS = YES;
				CLANG_WARN_DIRECT_OBJC_ISA_USAGE = YES_ERROR;
				CLANG_WARN_DOCUMENTATION_COMMENTS = YES;
				CLANG_WARN_EMPTY_BODY = YES;
				CLANG_WARN_ENUM_CONVERSION = YES;
				CLANG_WARN_INFINITE_RECURSION = YES;
				CLANG_WARN_INT_CONVERSION = YES;
				CLANG_WARN_NON_LITERAL_NULL_CONVERSION = YES;
				CLANG_WARN_OBJC_IMPLICIT_RETAIN_SELF = YES;
				CLANG_WARN_OBJC_LITERAL_CONVERSION = YES;
				CLANG_WARN_OBJC_ROOT_CLASS = YES_ERROR;
				CLANG_WARN_QUOTED_INCLUDE_IN_FRAMEWORK_HEADER = YES;
				CLANG_WARN_RANGE_LOOP_ANALYSIS = YES;
				CLANG_WARN_STRICT_PROTOTYPES = YES;
				CLANG_WARN_SUSPICIOUS_MOVE = YES;
				CLANG_WARN_UNGUARDED_AVAILABILITY = YES_AGGRESSIVE;
				CLANG_WARN_UNREACHABLE_CODE = YES;
				CLANG_WARN__DUPLICATE_METHOD_MATCH = YES;
				COPY_PHASE_STRIP = NO;
				DEBUG_INFORMATION_FORMAT = dwarf;
				ENABLE_STRICT_OBJC_MSGSEND = YES;
				ENABLE_TESTABILITY = YES;
				ENABLE_USER_SCRIPT_SANDBOXING = YES;
				GCC_C_LANGUAGE_STANDARD = gnu17;
				GCC_DYNAMIC_NO_PIC = NO;
				GCC_NO_COMMON_BLOCKS = YES;
				GCC_OPTIMIZATION_LEVEL = 0;
				GCC_PREPROCESSOR_DEFINITIONS = (
					"DEBUG=1",
					"$(inherited)",
				);
				GCC_WARN_64_TO_32_BIT_CONVERSION = YES;
				GCC_WARN_ABOUT_RETURN_TYPE = YES_ERROR;
				GCC_WARN_UNDECLARED_SELECTOR = YES;
				GCC_WARN_UNINITIALIZED_AUTOS = YES_AGGRESSIVE;
				GCC_WARN_UNUSED_FUNCTION = YES;
				GCC_WARN_UNUSED_VARIABLE = YES;
				IPHONEOS_DEPLOYMENT_TARGET = 17.5;
				LOCALIZATION_PREFERS_STRING_CATALOGS = YES;
				MTL_ENABLE_DEBUG_INFO = INCLUDE_SOURCE;
				MTL_FAST_MATH = YES;
				ONLY_ACTIVE_ARCH = YES;
				SDKROOT = iphoneos;
				SWIFT_ACTIVE_COMPILATION_CONDITIONS = "DEBUG $(inherited)";
				SWIFT_OPTIMIZATION_LEVEL = "-Onone";
			};
			name = Debug;
		};
		23648E052C7CB71300ABF9C3 /* Release */ = {
			isa = XCBuildConfiguration;
			buildSettings = {
				ALWAYS_SEARCH_USER_PATHS = NO;
				ASSETCATALOG_COMPILER_GENERATE_SWIFT_ASSET_SYMBOL_EXTENSIONS = YES;
				CLANG_ANALYZER_NONNULL = YES;
				CLANG_ANALYZER_NUMBER_OBJECT_CONVERSION = YES_AGGRESSIVE;
				CLANG_CXX_LANGUAGE_STANDARD = "gnu++20";
				CLANG_ENABLE_MODULES = YES;
				CLANG_ENABLE_OBJC_ARC = YES;
				CLANG_ENABLE_OBJC_WEAK = YES;
				CLANG_WARN_BLOCK_CAPTURE_AUTORELEASING = YES;
				CLANG_WARN_BOOL_CONVERSION = YES;
				CLANG_WARN_COMMA = YES;
				CLANG_WARN_CONSTANT_CONVERSION = YES;
				CLANG_WARN_DEPRECATED_OBJC_IMPLEMENTATIONS = YES;
				CLANG_WARN_DIRECT_OBJC_ISA_USAGE = YES_ERROR;
				CLANG_WARN_DOCUMENTATION_COMMENTS = YES;
				CLANG_WARN_EMPTY_BODY = YES;
				CLANG_WARN_ENUM_CONVERSION = YES;
				CLANG_WARN_INFINITE_RECURSION = YES;
				CLANG_WARN_INT_CONVERSION = YES;
				CLANG_WARN_NON_LITERAL_NULL_CONVERSION = YES;
				CLANG_WARN_OBJC_IMPLICIT_RETAIN_SELF = YES;
				CLANG_WARN_OBJC_LITERAL_CONVERSION = YES;
				CLANG_WARN_OBJC_ROOT_CLASS = YES_ERROR;
				CLANG_WARN_QUOTED_INCLUDE_IN_FRAMEWORK_HEADER = YES;
				CLANG_WARN_RANGE_LOOP_ANALYSIS = YES;
				CLANG_WARN_STRICT_PROTOTYPES = YES;
				CLANG_WARN_SUSPICIOUS_MOVE = YES;
				CLANG_WARN_UNGUARDED_AVAILABILITY = YES_AGGRESSIVE;
				CLANG_WARN_UNREACHABLE_CODE = YES;
				CLANG_WARN__DUPLICATE_METHOD_MATCH = YES;
				COPY_PHASE_STRIP = NO;
				DEBUG_INFORMATION_FORMAT = "dwarf-with-dsym";
				ENABLE_NS_ASSERTIONS = NO;
				ENABLE_STRICT_OBJC_MSGSEND = YES;
				ENABLE_USER_SCRIPT_SANDBOXING = YES;
				GCC_C_LANGUAGE_STANDARD = gnu17;
				GCC_NO_COMMON_BLOCKS = YES;
				GCC_WARN_64_TO_32_BIT_CONVERSION = YES;
				GCC_WARN_ABOUT_RETURN_TYPE = YES_ERROR;
				GCC_WARN_UNDECLARED_SELECTOR = YES;
				GCC_WARN_UNINITIALIZED_AUTOS = YES_AGGRESSIVE;
				GCC_WARN_UNUSED_FUNCTION = YES;
				GCC_WARN_UNUSED_VARIABLE = YES;
				IPHONEOS_DEPLOYMENT_TARGET = 17.5;
				LOCALIZATION_PREFERS_STRING_CATALOGS = YES;
				MTL_ENABLE_DEBUG_INFO = NO;
				MTL_FAST_MATH = YES;
				SDKROOT = iphoneos;
				SWIFT_COMPILATION_MODE = wholemodule;
				VALIDATE_PRODUCT = YES;
			};
			name = Release;
		};
		23648E072C7CB71300ABF9C3 /* Debug */ = {
			isa = XCBuildConfiguration;
			buildSettings = {
				ASSETCATALOG_COMPILER_APPICON_NAME = AppIcon;
				ASSETCATALOG_COMPILER_GLOBAL_ACCENT_COLOR_NAME = AccentColor;
				CODE_SIGN_STYLE = Automatic;
				CURRENT_PROJECT_VERSION = 1;
				DEVELOPMENT_TEAM = ZXK43H2N93;
				GENERATE_INFOPLIST_FILE = YES;
				INFOPLIST_FILE = VariableFun/Info.plist;
				INFOPLIST_KEY_UIApplicationSupportsIndirectInputEvents = YES;
				INFOPLIST_KEY_UILaunchStoryboardName = LaunchScreen;
				INFOPLIST_KEY_UIMainStoryboardFile = Main;
				INFOPLIST_KEY_UISupportedInterfaceOrientations_iPad = "UIInterfaceOrientationPortrait UIInterfaceOrientationPortraitUpsideDown UIInterfaceOrientationLandscapeLeft UIInterfaceOrientationLandscapeRight";
				INFOPLIST_KEY_UISupportedInterfaceOrientations_iPhone = "UIInterfaceOrientationPortrait UIInterfaceOrientationLandscapeLeft UIInterfaceOrientationLandscapeRight";
				LD_RUNPATH_SEARCH_PATHS = (
					"$(inherited)",
					"@executable_path/Frameworks",
				);
				MARKETING_VERSION = 1.0;
				PRODUCT_BUNDLE_IDENTIFIER = clc.VariableFun;
				PRODUCT_NAME = "$(TARGET_NAME)";
				SWIFT_EMIT_LOC_STRINGS = YES;
				SWIFT_VERSION = 5.0;
				TARGETED_DEVICE_FAMILY = "1,2";
			};
			name = Debug;
		};
		23648E082C7CB71300ABF9C3 /* Release */ = {
			isa = XCBuildConfiguration;
			buildSettings = {
				ASSETCATALOG_COMPILER_APPICON_NAME = AppIcon;
				ASSETCATALOG_COMPILER_GLOBAL_ACCENT_COLOR_NAME = AccentColor;
				CODE_SIGN_STYLE = Automatic;
				CURRENT_PROJECT_VERSION = 1;
				DEVELOPMENT_TEAM = ZXK43H2N93;
				GENERATE_INFOPLIST_FILE = YES;
				INFOPLIST_FILE = VariableFun/Info.plist;
				INFOPLIST_KEY_UIApplicationSupportsIndirectInputEvents = YES;
				INFOPLIST_KEY_UILaunchStoryboardName = LaunchScreen;
				INFOPLIST_KEY_UIMainStoryboardFile = Main;
				INFOPLIST_KEY_UISupportedInterfaceOrientations_iPad = "UIInterfaceOrientationPortrait UIInterfaceOrientationPortraitUpsideDown UIInterfaceOrientationLandscapeLeft UIInterfaceOrientationLandscapeRight";
				INFOPLIST_KEY_UISupportedInterfaceOrientations_iPhone = "UIInterfaceOrientationPortrait UIInterfaceOrientationLandscapeLeft UIInterfaceOrientationLandscapeRight";
				LD_RUNPATH_SEARCH_PATHS = (
					"$(inherited)",
					"@executable_path/Frameworks",
				);
				MARKETING_VERSION = 1.0;
				PRODUCT_BUNDLE_IDENTIFIER = clc.VariableFun;
				PRODUCT_NAME = "$(TARGET_NAME)";
				SWIFT_EMIT_LOC_STRINGS = YES;
				SWIFT_VERSION = 5.0;
				TARGETED_DEVICE_FAMILY = "1,2";
			};
			name = Release;
		};
/* End XCBuildConfiguration section */

/* Begin XCConfigurationList section */
		23648DEA2C7CB71100ABF9C3 /* Build configuration list for PBXProject "VariableFun" */ = {
			isa = XCConfigurationList;
			buildConfigurations = (
				23648E042C7CB71300ABF9C3 /* Debug */,
				23648E052C7CB71300ABF9C3 /* Release */,
			);
			defaultConfigurationIsVisible = 0;
			defaultConfigurationName = Release;
		};
		23648E062C7CB71300ABF9C3 /* Build configuration list for PBXNativeTarget "VariableFun" */ = {
			isa = XCConfigurationList;
			buildConfigurations = (
				23648E072C7CB71300ABF9C3 /* Debug */,
				23648E082C7CB71300ABF9C3 /* Release */,
			);
			defaultConfigurationIsVisible = 0;
			defaultConfigurationName = Release;
		};
/* End XCConfigurationList section */

/* Begin XCVersionGroup section */
		23648DFB2C7CB71100ABF9C3 /* VariableFun.xcdatamodeld */ = {
			isa = XCVersionGroup;
			children = (
				23648DFC2C7CB71100ABF9C3 /* VariableFun.xcdatamodel */,
			);
			currentVersion = 23648DFC2C7CB71100ABF9C3 /* VariableFun.xcdatamodel */;
			path = VariableFun.xcdatamodeld;
			sourceTree = "<group>";
			versionGroupType = wrapper.xcdatamodel;
		};
/* End XCVersionGroup section */
	};
	rootObject = 23648DE72C7CB71100ABF9C3 /* Project object */;
}
